
Microsoft Visual Studio Solution File, Format Version 12.00
# Visual Studio 15
VisualStudioVersion = 15.0.27428.2005
MinimumVisualStudioVersion = 10.0.40219.1
Project("{FAE04EC0-301F-11D3-BF4B-00C04F79EFBC}") = "GuardarAlumnos", "GuardarAlumnos\GuardarAlumnos.csproj", "{D8BB2262-7E65-43CC-83F2-55FD2DD376EA}"
EndProject
Global
	GlobalSection(SolutionConfigurationPlatforms) = preSolution
		Debug|Any CPU = Debug|Any CPU
		Release|Any CPU = Release|Any CPU
	EndGlobalSection
	GlobalSection(ProjectConfigurationPlatforms) = postSolution
		{D8BB2262-7E65-43CC-83F2-55FD2DD376EA}.Debug|Any CPU.ActiveCfg = Debug|Any CPU
		{D8BB2262-7E65-43CC-83F2-55FD2DD376EA}.Debug|Any CPU.Build.0 = Debug|Any CPU
		{D8BB2262-7E65-43CC-83F2-55FD2DD376EA}.Release|Any CPU.ActiveCfg = Release|Any CPU
		{D8BB2262-7E65-43CC-83F2-55FD2DD376EA}.Release|Any CPU.Build.0 = Release|Any CPU
	EndGlobalSection
	GlobalSection(SolutionProperties) = preSolution
		HideSolutionNode = FALSE
	EndGlobalSection
	GlobalSection(ExtensibilityGlobals) = postSolution
		SolutionGuid = {1E67B655-78D7-4484-A5F7-DEA42BB8283C}
	EndGlobalSection
EndGlobal
